PODS:
  - Flutter (1.0.0)
  - integration_test (0.0.1):
    - Flutter
  - JCore (4.4.0-noidfa)
  - JPush (5.2.0):
    - JCore (>= 2.0.0)
  - jpush_flutter (0.0.2):
    - Flutter
    - JCore (= 4.4.0-noidfa)
    - JPush (= 5.2.0)

DEPENDENCIES:
  - Flutter (from `Flutter`)
  - integration_test (from `.symlinks/plugins/integration_test/ios`)
  - jpush_flutter (from `.symlinks/plugins/jpush_flutter/ios`)

SPEC REPOS:
  trunk:
    - JCore
    - JPush

EXTERNAL SOURCES:
  Flutter:
    :path: Flutter
  integration_test:
    :path: ".symlinks/plugins/integration_test/ios"
  jpush_flutter:
    :path: ".symlinks/plugins/jpush_flutter/ios"

SPEC CHECKSUMS:
  Flutter: f04841e97a9d0b0a8025694d0796dd46242b2854
  integration_test: 13825b8a9334a850581300559b8839134b124670
  JCore: a6dcf00cca87719bc4085420d2cd7a8b7376b88b
  JPush: 76668b765fcfd7c15f86b05ca0e5cdc01945ce23
  jpush_flutter: add4dfb53b7530e278af4ae8a96c396b42c7d8be

PODFILE CHECKSUM: 663715e941f9adb426e33bf9376914006f9ea95b

COCOAPODS: 1.14.3
